{
  "pins" : [
    {
      "identity" : "kingfisher",
      "kind" : "remoteSourceControl",
      "location" : "https://github.com/onevcat/Kingfisher.git",
      "state" : {
        "branch" : "master",
        "revision" : "57143de1c45f752368f81eb14a912330131f970d"
      }
    }
  ],
  "version" : 2
}
